
Microsoft Visual Studio Solution File, Format Version 12.00
# Visual Studio Version 16
VisualStudioVersion = 16.0.31515.178
MinimumVisualStudioVersion = 10.0.40219.1
Project("{FAE04EC0-301F-11D3-BF4B-00C04F79EFBC}") = "Dialog Representation", "Dialog Representation\Dialog Representation.csproj", "{BC85BD96-AA50-4C46-BA9D-72F4EC079EA0}"
EndProject
Project("{2150E333-8FDC-42A3-9474-1A3956D46DE8}") = "Solution Items", "Solution Items", "{C986576A-A890-4D2F-A590-C078EC95143D}"
	ProjectSection(SolutionItems) = preProject
		.editorconfig = .editorconfig
	EndProjectSection
EndProject
Global
	GlobalSection(SolutionConfigurationPlatforms) = preSolution
		Debug|Any CPU = Debug|Any CPU
		Release|Any CPU = Release|Any CPU
	EndGlobalSection
	GlobalSection(ProjectConfigurationPlatforms) = postSolution
		{BC85BD96-AA50-4C46-BA9D-72F4EC079EA0}.Debug|Any CPU.ActiveCfg = Debug|Any CPU
		{BC85BD96-AA50-4C46-BA9D-72F4EC079EA0}.Debug|Any CPU.Build.0 = Debug|Any CPU
		{BC85BD96-AA50-4C46-BA9D-72F4EC079EA0}.Release|Any CPU.ActiveCfg = Release|Any CPU
		{BC85BD96-AA50-4C46-BA9D-72F4EC079EA0}.Release|Any CPU.Build.0 = Release|Any CPU
	EndGlobalSection
	GlobalSection(SolutionProperties) = preSolution
		HideSolutionNode = FALSE
	EndGlobalSection
	GlobalSection(ExtensibilityGlobals) = postSolution
		SolutionGuid = {288692AC-D657-4D2A-AF5B-9AB9C4E4EAD2}
	EndGlobalSection
EndGlobal
